
Microsoft Visual Studio Solution File, Format Version 12.00
# Visual Studio 15
VisualStudioVersion = 15.0.28307.1259
MinimumVisualStudioVersion = 10.0.40219.1
Project("{FAE04EC0-301F-11D3-BF4B-00C04F79EFBC}") = "InvoiceManager", "InvoiceManager\InvoiceManager.csproj", "{2161BFEC-BEDA-48B9-9C47-34247BA8E40E}"
EndProject
Global
	GlobalSection(SolutionConfigurationPlatforms) = preSolution
		Debug|Any CPU = Debug|Any CPU
		Release|Any CPU = Release|Any CPU
	EndGlobalSection
	GlobalSection(ProjectConfigurationPlatforms) = postSolution
		{2161BFEC-BEDA-48B9-9C47-34247BA8E40E}.Debug|Any CPU.ActiveCfg = Debug|Any CPU
		{2161BFEC-BEDA-48B9-9C47-34247BA8E40E}.Debug|Any CPU.Build.0 = Debug|Any CPU
		{2161BFEC-BEDA-48B9-9C47-34247BA8E40E}.Release|Any CPU.ActiveCfg = Release|Any CPU
		{2161BFEC-BEDA-48B9-9C47-34247BA8E40E}.Release|Any CPU.Build.0 = Release|Any CPU
	EndGlobalSection
	GlobalSection(SolutionProperties) = preSolution
		HideSolutionNode = FALSE
	EndGlobalSection
	GlobalSection(ExtensibilityGlobals) = postSolution
		SolutionGuid = {D4D48B04-AE03-4AFE-8915-C96628878A5F}
	EndGlobalSection
EndGlobal
